# This file is automatically @generated by Cargo.
# It is not intended for manual editing.
version = 4

[[package]]
name = "fast-explorer-domain"
version = "0.1.0"

[[package]]
name = "fast-explorer-engine"
version = "0.1.0"
dependencies = [
 "fast-explorer-domain",
]

[[package]]
name = "fast-explorer-ffi"
version = "0.1.0"
dependencies = [
 "fast-explorer-domain",
 "fast-explorer-engine",
]

[[package]]
name = "fast-explorer-indexer"
version = "0.1.0"
dependencies = [
 "fast-explorer-protocol",
]

[[package]]
name = "fast-explorer-protocol"
version = "0.1.0"

[[package]]
name = "fast-explorer-shell-host"
version = "0.1.0"
dependencies = [
 "fast-explorer-protocol",
]
