# This file is automatically @generated by Cargo.
# It is not intended for manual editing.
version = 4

[[package]]
name = "open-explorer-domain"
version = "0.1.0"

[[package]]
name = "open-explorer-engine"
version = "0.1.0"
dependencies = [
 "open-explorer-domain",
]

[[package]]
name = "open-explorer-ffi"
version = "0.1.0"
dependencies = [
 "open-explorer-domain",
 "open-explorer-engine",
]

[[package]]
name = "open-explorer-indexer"
version = "0.1.0"
dependencies = [
 "open-explorer-protocol",
]

[[package]]
name = "open-explorer-protocol"
version = "0.1.0"

[[package]]
name = "open-explorer-shell-host"
version = "0.1.0"
dependencies = [
 "open-explorer-protocol",
]
