
Microsoft Visual Studio Solution File, Format Version 12.00
# Visual Studio Version 17
VisualStudioVersion = 17.0.31903.59
MinimumVisualStudioVersion = 10.0.40219.1
Project("{2150E333-8FDC-42A3-9474-1A3956D46DE8}") = "apps", "apps", "{1787FE1D-075E-9E68-7218-25F1BD1BBEAB}"
EndProject
Project("{FAE04EC0-301F-11D3-BF4B-00C04F79EFBC}") = "OpenExplorer.UI", "apps\OpenExplorer.UI\OpenExplorer.UI.csproj", "{D04EC003-61B5-4DEA-9740-DD51247138B4}"
EndProject
Project("{2150E333-8FDC-42A3-9474-1A3956D46DE8}") = "dotnet", "dotnet", "{71E6E750-85FD-B5BC-4321-E01377EC6231}"
EndProject
Project("{FAE04EC0-301F-11D3-BF4B-00C04F79EFBC}") = "OpenExplorer.Contracts", "dotnet\OpenExplorer.Contracts\OpenExplorer.Contracts.csproj", "{00D0D449-CD52-4740-9B72-C6D2753884BA}"
EndProject
Project("{FAE04EC0-301F-11D3-BF4B-00C04F79EFBC}") = "OpenExplorer.Application", "dotnet\OpenExplorer.Application\OpenExplorer.Application.csproj", "{7B6DFEC3-3F14-4950-B3C6-3D4C1F9A304B}"
EndProject
Project("{FAE04EC0-301F-11D3-BF4B-00C04F79EFBC}") = "OpenExplorer.Interop", "dotnet\OpenExplorer.Interop\OpenExplorer.Interop.csproj", "{A807710B-6DE6-4B2F-B6FB-2948DAE26499}"
EndProject
Project("{FAE04EC0-301F-11D3-BF4B-00C04F79EFBC}") = "OpenExplorer.DesignSystem", "dotnet\OpenExplorer.DesignSystem\OpenExplorer.DesignSystem.csproj", "{78A4538A-DAE3-4DC1-96E4-420A899375FF}"
EndProject
Project("{2150E333-8FDC-42A3-9474-1A3956D46DE8}") = "tests", "tests", "{0AB3BF05-4346-4AA6-1389-037BE0695223}"
EndProject
Project("{FAE04EC0-301F-11D3-BF4B-00C04F79EFBC}") = "OpenExplorer.Interop.SmokeTests", "tests\OpenExplorer.Interop.SmokeTests\OpenExplorer.Interop.SmokeTests.csproj", "{2E411EB3-8A9C-4199-8C2E-0B1A8CBD834C}"
EndProject
Project("{FAE04EC0-301F-11D3-BF4B-00C04F79EFBC}") = "OpenExplorer.Virtualization.SmokeTests", "tests\OpenExplorer.Virtualization.SmokeTests\OpenExplorer.Virtualization.SmokeTests.csproj", "{0F9ABE76-2212-428E-AC2F-5E3CD725B2BB}"
EndProject
Project("{FAE04EC0-301F-11D3-BF4B-00C04F79EFBC}") = "OpenExplorer.LocalFileProvider.SmokeTests", "tests\OpenExplorer.LocalFileProvider.SmokeTests\OpenExplorer.LocalFileProvider.SmokeTests.csproj", "{C4A77A1B-46A3-4D3D-A68B-2C9D96CE41B5}"
EndProject
Global
	GlobalSection(SolutionConfigurationPlatforms) = preSolution
		Debug|Any CPU = Debug|Any CPU
		Debug|x64 = Debug|x64
		Debug|x86 = Debug|x86
		Release|Any CPU = Release|Any CPU
		Release|x64 = Release|x64
		Release|x86 = Release|x86
	EndGlobalSection
	GlobalSection(ProjectConfigurationPlatforms) = postSolution
		{D04EC003-61B5-4DEA-9740-DD51247138B4}.Debug|Any CPU.ActiveCfg = Debug|x86
		{D04EC003-61B5-4DEA-9740-DD51247138B4}.Debug|Any CPU.Build.0 = Debug|x86
		{D04EC003-61B5-4DEA-9740-DD51247138B4}.Debug|x64.ActiveCfg = Debug|x64
		{D04EC003-61B5-4DEA-9740-DD51247138B4}.Debug|x64.Build.0 = Debug|x64
		{D04EC003-61B5-4DEA-9740-DD51247138B4}.Debug|x86.ActiveCfg = Debug|x86
		{D04EC003-61B5-4DEA-9740-DD51247138B4}.Debug|x86.Build.0 = Debug|x86
		{D04EC003-61B5-4DEA-9740-DD51247138B4}.Release|Any CPU.ActiveCfg = Release|x86
		{D04EC003-61B5-4DEA-9740-DD51247138B4}.Release|Any CPU.Build.0 = Release|x86
		{D04EC003-61B5-4DEA-9740-DD51247138B4}.Release|x64.ActiveCfg = Release|x64
		{D04EC003-61B5-4DEA-9740-DD51247138B4}.Release|x64.Build.0 = Release|x64
		{D04EC003-61B5-4DEA-9740-DD51247138B4}.Release|x86.ActiveCfg = Release|x86
		{D04EC003-61B5-4DEA-9740-DD51247138B4}.Release|x86.Build.0 = Release|x86
		{00D0D449-CD52-4740-9B72-C6D2753884BA}.Debug|Any CPU.ActiveCfg = Debug|Any CPU
		{00D0D449-CD52-4740-9B72-C6D2753884BA}.Debug|Any CPU.Build.0 = Debug|Any CPU
		{00D0D449-CD52-4740-9B72-C6D2753884BA}.Debug|x64.ActiveCfg = Debug|Any CPU
		{00D0D449-CD52-4740-9B72-C6D2753884BA}.Debug|x64.Build.0 = Debug|Any CPU
		{00D0D449-CD52-4740-9B72-C6D2753884BA}.Debug|x86.ActiveCfg = Debug|Any CPU
		{00D0D449-CD52-4740-9B72-C6D2753884BA}.Debug|x86.Build.0 = Debug|Any CPU
		{00D0D449-CD52-4740-9B72-C6D2753884BA}.Release|Any CPU.ActiveCfg = Release|Any CPU
		{00D0D449-CD52-4740-9B72-C6D2753884BA}.Release|Any CPU.Build.0 = Release|Any CPU
		{00D0D449-CD52-4740-9B72-C6D2753884BA}.Release|x64.ActiveCfg = Release|Any CPU
		{00D0D449-CD52-4740-9B72-C6D2753884BA}.Release|x64.Build.0 = Release|Any CPU
		{00D0D449-CD52-4740-9B72-C6D2753884BA}.Release|x86.ActiveCfg = Release|Any CPU
		{00D0D449-CD52-4740-9B72-C6D2753884BA}.Release|x86.Build.0 = Release|Any CPU
		{7B6DFEC3-3F14-4950-B3C6-3D4C1F9A304B}.Debug|Any CPU.ActiveCfg = Debug|Any CPU
		{7B6DFEC3-3F14-4950-B3C6-3D4C1F9A304B}.Debug|Any CPU.Build.0 = Debug|Any CPU
		{7B6DFEC3-3F14-4950-B3C6-3D4C1F9A304B}.Debug|x64.ActiveCfg = Debug|Any CPU
		{7B6DFEC3-3F14-4950-B3C6-3D4C1F9A304B}.Debug|x64.Build.0 = Debug|Any CPU
		{7B6DFEC3-3F14-4950-B3C6-3D4C1F9A304B}.Debug|x86.ActiveCfg = Debug|Any CPU
		{7B6DFEC3-3F14-4950-B3C6-3D4C1F9A304B}.Debug|x86.Build.0 = Debug|Any CPU
		{7B6DFEC3-3F14-4950-B3C6-3D4C1F9A304B}.Release|Any CPU.ActiveCfg = Release|Any CPU
		{7B6DFEC3-3F14-4950-B3C6-3D4C1F9A304B}.Release|Any CPU.Build.0 = Release|Any CPU
		{7B6DFEC3-3F14-4950-B3C6-3D4C1F9A304B}.Release|x64.ActiveCfg = Release|Any CPU
		{7B6DFEC3-3F14-4950-B3C6-3D4C1F9A304B}.Release|x64.Build.0 = Release|Any CPU
		{7B6DFEC3-3F14-4950-B3C6-3D4C1F9A304B}.Release|x86.ActiveCfg = Release|Any CPU
		{7B6DFEC3-3F14-4950-B3C6-3D4C1F9A304B}.Release|x86.Build.0 = Release|Any CPU
		{A807710B-6DE6-4B2F-B6FB-2948DAE26499}.Debug|Any CPU.ActiveCfg = Debug|Any CPU
		{A807710B-6DE6-4B2F-B6FB-2948DAE26499}.Debug|Any CPU.Build.0 = Debug|Any CPU
		{A807710B-6DE6-4B2F-B6FB-2948DAE26499}.Debug|x64.ActiveCfg = Debug|Any CPU
		{A807710B-6DE6-4B2F-B6FB-2948DAE26499}.Debug|x64.Build.0 = Debug|Any CPU
		{A807710B-6DE6-4B2F-B6FB-2948DAE26499}.Debug|x86.ActiveCfg = Debug|Any CPU
		{A807710B-6DE6-4B2F-B6FB-2948DAE26499}.Debug|x86.Build.0 = Debug|Any CPU
		{A807710B-6DE6-4B2F-B6FB-2948DAE26499}.Release|Any CPU.ActiveCfg = Release|Any CPU
		{A807710B-6DE6-4B2F-B6FB-2948DAE26499}.Release|Any CPU.Build.0 = Release|Any CPU
		{A807710B-6DE6-4B2F-B6FB-2948DAE26499}.Release|x64.ActiveCfg = Release|Any CPU
		{A807710B-6DE6-4B2F-B6FB-2948DAE26499}.Release|x64.Build.0 = Release|Any CPU
		{A807710B-6DE6-4B2F-B6FB-2948DAE26499}.Release|x86.ActiveCfg = Release|Any CPU
		{A807710B-6DE6-4B2F-B6FB-2948DAE26499}.Release|x86.Build.0 = Release|Any CPU
		{78A4538A-DAE3-4DC1-96E4-420A899375FF}.Debug|Any CPU.ActiveCfg = Debug|Any CPU
		{78A4538A-DAE3-4DC1-96E4-420A899375FF}.Debug|Any CPU.Build.0 = Debug|Any CPU
		{78A4538A-DAE3-4DC1-96E4-420A899375FF}.Debug|x64.ActiveCfg = Debug|Any CPU
		{78A4538A-DAE3-4DC1-96E4-420A899375FF}.Debug|x64.Build.0 = Debug|Any CPU
		{78A4538A-DAE3-4DC1-96E4-420A899375FF}.Debug|x86.ActiveCfg = Debug|Any CPU
		{78A4538A-DAE3-4DC1-96E4-420A899375FF}.Debug|x86.Build.0 = Debug|Any CPU
		{78A4538A-DAE3-4DC1-96E4-420A899375FF}.Release|Any CPU.ActiveCfg = Release|Any CPU
		{78A4538A-DAE3-4DC1-96E4-420A899375FF}.Release|Any CPU.Build.0 = Release|Any CPU
		{78A4538A-DAE3-4DC1-96E4-420A899375FF}.Release|x64.ActiveCfg = Release|Any CPU
		{78A4538A-DAE3-4DC1-96E4-420A899375FF}.Release|x64.Build.0 = Release|Any CPU
		{78A4538A-DAE3-4DC1-96E4-420A899375FF}.Release|x86.ActiveCfg = Release|Any CPU
		{78A4538A-DAE3-4DC1-96E4-420A899375FF}.Release|x86.Build.0 = Release|Any CPU
		{2E411EB3-8A9C-4199-8C2E-0B1A8CBD834C}.Debug|Any CPU.ActiveCfg = Debug|Any CPU
		{2E411EB3-8A9C-4199-8C2E-0B1A8CBD834C}.Debug|Any CPU.Build.0 = Debug|Any CPU
		{2E411EB3-8A9C-4199-8C2E-0B1A8CBD834C}.Debug|x64.ActiveCfg = Debug|Any CPU
		{2E411EB3-8A9C-4199-8C2E-0B1A8CBD834C}.Debug|x64.Build.0 = Debug|Any CPU
		{2E411EB3-8A9C-4199-8C2E-0B1A8CBD834C}.Debug|x86.ActiveCfg = Debug|Any CPU
		{2E411EB3-8A9C-4199-8C2E-0B1A8CBD834C}.Debug|x86.Build.0 = Debug|Any CPU
		{2E411EB3-8A9C-4199-8C2E-0B1A8CBD834C}.Release|Any CPU.ActiveCfg = Release|Any CPU
		{2E411EB3-8A9C-4199-8C2E-0B1A8CBD834C}.Release|Any CPU.Build.0 = Release|Any CPU
		{2E411EB3-8A9C-4199-8C2E-0B1A8CBD834C}.Release|x64.ActiveCfg = Release|Any CPU
		{2E411EB3-8A9C-4199-8C2E-0B1A8CBD834C}.Release|x64.Build.0 = Release|Any CPU
		{2E411EB3-8A9C-4199-8C2E-0B1A8CBD834C}.Release|x86.ActiveCfg = Release|Any CPU
		{2E411EB3-8A9C-4199-8C2E-0B1A8CBD834C}.Release|x86.Build.0 = Release|Any CPU
		{0F9ABE76-2212-428E-AC2F-5E3CD725B2BB}.Debug|Any CPU.ActiveCfg = Debug|Any CPU
		{0F9ABE76-2212-428E-AC2F-5E3CD725B2BB}.Debug|Any CPU.Build.0 = Debug|Any CPU
		{0F9ABE76-2212-428E-AC2F-5E3CD725B2BB}.Debug|x64.ActiveCfg = Debug|Any CPU
		{0F9ABE76-2212-428E-AC2F-5E3CD725B2BB}.Debug|x64.Build.0 = Debug|Any CPU
		{0F9ABE76-2212-428E-AC2F-5E3CD725B2BB}.Debug|x86.ActiveCfg = Debug|Any CPU
		{0F9ABE76-2212-428E-AC2F-5E3CD725B2BB}.Debug|x86.Build.0 = Debug|Any CPU
		{0F9ABE76-2212-428E-AC2F-5E3CD725B2BB}.Release|Any CPU.ActiveCfg = Release|Any CPU
		{0F9ABE76-2212-428E-AC2F-5E3CD725B2BB}.Release|Any CPU.Build.0 = Release|Any CPU
		{0F9ABE76-2212-428E-AC2F-5E3CD725B2BB}.Release|x64.ActiveCfg = Release|Any CPU
		{0F9ABE76-2212-428E-AC2F-5E3CD725B2BB}.Release|x64.Build.0 = Release|Any CPU
		{0F9ABE76-2212-428E-AC2F-5E3CD725B2BB}.Release|x86.ActiveCfg = Release|Any CPU
		{0F9ABE76-2212-428E-AC2F-5E3CD725B2BB}.Release|x86.Build.0 = Release|Any CPU
		{C4A77A1B-46A3-4D3D-A68B-2C9D96CE41B5}.Debug|Any CPU.ActiveCfg = Debug|Any CPU
		{C4A77A1B-46A3-4D3D-A68B-2C9D96CE41B5}.Debug|Any CPU.Build.0 = Debug|Any CPU
		{C4A77A1B-46A3-4D3D-A68B-2C9D96CE41B5}.Debug|x64.ActiveCfg = Debug|Any CPU
		{C4A77A1B-46A3-4D3D-A68B-2C9D96CE41B5}.Debug|x64.Build.0 = Debug|Any CPU
		{C4A77A1B-46A3-4D3D-A68B-2C9D96CE41B5}.Debug|x86.ActiveCfg = Debug|Any CPU
		{C4A77A1B-46A3-4D3D-A68B-2C9D96CE41B5}.Debug|x86.Build.0 = Debug|Any CPU
		{C4A77A1B-46A3-4D3D-A68B-2C9D96CE41B5}.Release|Any CPU.ActiveCfg = Release|Any CPU
		{C4A77A1B-46A3-4D3D-A68B-2C9D96CE41B5}.Release|Any CPU.Build.0 = Release|Any CPU
		{C4A77A1B-46A3-4D3D-A68B-2C9D96CE41B5}.Release|x64.ActiveCfg = Release|Any CPU
		{C4A77A1B-46A3-4D3D-A68B-2C9D96CE41B5}.Release|x64.Build.0 = Release|Any CPU
		{C4A77A1B-46A3-4D3D-A68B-2C9D96CE41B5}.Release|x86.ActiveCfg = Release|Any CPU
		{C4A77A1B-46A3-4D3D-A68B-2C9D96CE41B5}.Release|x86.Build.0 = Release|Any CPU
	EndGlobalSection
	GlobalSection(SolutionProperties) = preSolution
		HideSolutionNode = FALSE
	EndGlobalSection
	GlobalSection(NestedProjects) = preSolution
		{D04EC003-61B5-4DEA-9740-DD51247138B4} = {1787FE1D-075E-9E68-7218-25F1BD1BBEAB}
		{00D0D449-CD52-4740-9B72-C6D2753884BA} = {71E6E750-85FD-B5BC-4321-E01377EC6231}
		{7B6DFEC3-3F14-4950-B3C6-3D4C1F9A304B} = {71E6E750-85FD-B5BC-4321-E01377EC6231}
		{A807710B-6DE6-4B2F-B6FB-2948DAE26499} = {71E6E750-85FD-B5BC-4321-E01377EC6231}
		{78A4538A-DAE3-4DC1-96E4-420A899375FF} = {71E6E750-85FD-B5BC-4321-E01377EC6231}
		{2E411EB3-8A9C-4199-8C2E-0B1A8CBD834C} = {0AB3BF05-4346-4AA6-1389-037BE0695223}
		{0F9ABE76-2212-428E-AC2F-5E3CD725B2BB} = {0AB3BF05-4346-4AA6-1389-037BE0695223}
		{C4A77A1B-46A3-4D3D-A68B-2C9D96CE41B5} = {0AB3BF05-4346-4AA6-1389-037BE0695223}
	EndGlobalSection
EndGlobal
